
Microsoft Visual Studio Solution File, Format Version 12.00
# Visual Studio Version 16
VisualStudioVersion = 16.0.30711.63
MinimumVisualStudioVersion = 10.0.40219.1
Project("{FAE04EC0-301F-11D3-BF4B-00C04F79EFBC}") = "ProiectDAW", "ProiectDAW.csproj", "{546F70D2-52FA-4008-BB88-DAED5E5F9EF4}"
EndProject
Global
	GlobalSection(SolutionConfigurationPlatforms) = preSolution
		Debug|Any CPU = Debug|Any CPU
		Release|Any CPU = Release|Any CPU
	EndGlobalSection
	GlobalSection(ProjectConfigurationPlatforms) = postSolution
		{546F70D2-52FA-4008-BB88-DAED5E5F9EF4}.Debug|Any CPU.ActiveCfg = Debug|Any CPU
		{546F70D2-52FA-4008-BB88-DAED5E5F9EF4}.Debug|Any CPU.Build.0 = Debug|Any CPU
		{546F70D2-52FA-4008-BB88-DAED5E5F9EF4}.Release|Any CPU.ActiveCfg = Release|Any CPU
		{546F70D2-52FA-4008-BB88-DAED5E5F9EF4}.Release|Any CPU.Build.0 = Release|Any CPU
	EndGlobalSection
	GlobalSection(SolutionProperties) = preSolution
		HideSolutionNode = FALSE
	EndGlobalSection
	GlobalSection(ExtensibilityGlobals) = postSolution
		SolutionGuid = {5D3C9FE1-C9E1-4F4C-9214-B954291AB08B}
	EndGlobalSection
EndGlobal
